PODS:
  - Alamofire (4.9.0)
  - Kingfisher (4.10.1)
  - ObjectMapper (3.5.1)
  - SnapKit (4.2.0)
  - Then (2.6.0)

DEPENDENCIES:
  - Alamofire
  - Kingfisher
  - ObjectMapper
  - SnapKit
  - Then

SPEC REPOS:
  trunk:
    - Alamofire
    - Kingfisher
    - ObjectMapper
    - SnapKit
    - Then

SPEC CHECKSUMS:
  Alamofire: afc3e7c6db61476cb45cdd23fed06bad03bbc321
  Kingfisher: c148cd7b47ebde9989f6bc7c27dcaa79d81279a0
  ObjectMapper: 70187b8941977c62ccfb423caf6b50be405cabf0
  SnapKit: fe8a619752f3f27075cc9a90244d75c6c3f27e2a
  Then: 90cd104fd951cec1980a03f57704ad8f784d4d79

PODFILE CHECKSUM: d26ada5e4d0acd4d8dc64c2b23ca354751c0a152

COCOAPODS: 1.8.1
